
Microsoft Visual Studio Solution File, Format Version 12.00
# Visual Studio Version 17
VisualStudioVersion = 17.4.33213.308
MinimumVisualStudioVersion = 10.0.40219.1
Project("{9A19103F-16F7-4668-BE54-9A1E7A4F7556}") = "PersonalWebsite.NotionSyncFunctionApp", "PersonalWebsite.NotionSyncFunctionApp\PersonalWebsite.NotionSyncFunctionApp.csproj", "{4EC37459-F31F-4C7F-95FF-2073F706F435}"
EndProject
Project("{2150E333-8FDC-42A3-9474-1A3956D46DE8}") = "Solution Items", "Solution Items", "{1EDC8C69-A0A7-4C5E-A2EC-127BBB609F3F}"
	ProjectSection(SolutionItems) = preProject
		README.md = README.md
	EndProjectSection
EndProject
Project("{9A19103F-16F7-4668-BE54-9A1E7A4F7556}") = "PersonalWebsite.NotionSyncFunctionApp.UnitTests", "PersonalWebsite.NotionSyncFunctionApp.UnitTests\PersonalWebsite.NotionSyncFunctionApp.UnitTests.csproj", "{99E5E2C0-8632-4CCD-A343-1B4C1C48DD8F}"
EndProject
Project("{FAE04EC0-301F-11D3-BF4B-00C04F79EFBC}") = "Repl", "Repl\Repl.csproj", "{1FC635FB-E793-460A-B726-8E65A961D4CD}"
EndProject
Global
	GlobalSection(SolutionConfigurationPlatforms) = preSolution
		Debug|Any CPU = Debug|Any CPU
		Release|Any CPU = Release|Any CPU
	EndGlobalSection
	GlobalSection(ProjectConfigurationPlatforms) = postSolution
		{4EC37459-F31F-4C7F-95FF-2073F706F435}.Debug|Any CPU.ActiveCfg = Debug|Any CPU
		{4EC37459-F31F-4C7F-95FF-2073F706F435}.Debug|Any CPU.Build.0 = Debug|Any CPU
		{4EC37459-F31F-4C7F-95FF-2073F706F435}.Release|Any CPU.ActiveCfg = Release|Any CPU
		{4EC37459-F31F-4C7F-95FF-2073F706F435}.Release|Any CPU.Build.0 = Release|Any CPU
		{99E5E2C0-8632-4CCD-A343-1B4C1C48DD8F}.Debug|Any CPU.ActiveCfg = Debug|Any CPU
		{99E5E2C0-8632-4CCD-A343-1B4C1C48DD8F}.Debug|Any CPU.Build.0 = Debug|Any CPU
		{99E5E2C0-8632-4CCD-A343-1B4C1C48DD8F}.Release|Any CPU.ActiveCfg = Release|Any CPU
		{99E5E2C0-8632-4CCD-A343-1B4C1C48DD8F}.Release|Any CPU.Build.0 = Release|Any CPU
		{1FC635FB-E793-460A-B726-8E65A961D4CD}.Debug|Any CPU.ActiveCfg = Debug|Any CPU
		{1FC635FB-E793-460A-B726-8E65A961D4CD}.Debug|Any CPU.Build.0 = Debug|Any CPU
		{1FC635FB-E793-460A-B726-8E65A961D4CD}.Release|Any CPU.ActiveCfg = Release|Any CPU
		{1FC635FB-E793-460A-B726-8E65A961D4CD}.Release|Any CPU.Build.0 = Release|Any CPU
	EndGlobalSection
	GlobalSection(SolutionProperties) = preSolution
		HideSolutionNode = FALSE
	EndGlobalSection
	GlobalSection(ExtensibilityGlobals) = postSolution
		SolutionGuid = {4A8FEDFA-E1C4-49D7-931D-F3810F9E4BAD}
	EndGlobalSection
EndGlobal
